// !$*UTF8*$!
{
	archiveVersion = 1;
	classes = {
	};
	objectVersion = 56;
	objects = {

/* Begin PBXBuildFile section */
		4E07DFF62BF58AD9003498A1 /* AppDelegate.swift in Sources */ = {isa = PBXBuildFile; fileRef = 4E07DFF52BF58AD9003498A1 /* AppDelegate.swift */; };
		4E07DFF82BF58AD9003498A1 /* SceneDelegate.swift in Sources */ = {isa = PBXBuildFile; fileRef = 4E07DFF72BF58AD9003498A1 /* SceneDelegate.swift */; };
		4E07DFFA2BF58AD9003498A1 /* ViewController.swift in Sources */ = {isa = PBXBuildFile; fileRef = 4E07DFF92BF58AD9003498A1 /* ViewController.swift */; };
		4E07DFFD2BF58AD9003498A1 /* Base in Resources */ = {isa = PBXBuildFile; fileRef = 4E07DFFC2BF58AD9003498A1 /* Base */; };
		4E07DFFF2BF58ADB003498A1 /* Assets.xcassets in Resources */ = {isa = PBXBuildFile; fileRef = 4E07DFFE2BF58ADB003498A1 /* Assets.xcassets */; };
		4E07E0022BF58ADB003498A1 /* Base in Resources */ = {isa = PBXBuildFile; fileRef = 4E07E0012BF58ADB003498A1 /* Base */; };
		4E4DB1552BF5A07F00C0E852 /* MovieViewController.swift in Sources */ = {isa = PBXBuildFile; fileRef = 4E4DB1542BF5A07F00C0E852 /* MovieViewController.swift */; };
		4E4DB1572BF5A1F800C0E852 /* SearchViewController.swift in Sources */ = {isa = PBXBuildFile; fileRef = 4E4DB1562BF5A1F800C0E852 /* SearchViewController.swift */; };
		4E4DB1592BF5A2CA00C0E852 /* ProfileViewController.swift in Sources */ = {isa = PBXBuildFile; fileRef = 4E4DB1582BF5A2CA00C0E852 /* ProfileViewController.swift */; };
		4E4DB15B2BF5A54500C0E852 /* SettingViewController.swift in Sources */ = {isa = PBXBuildFile; fileRef = 4E4DB15A2BF5A54500C0E852 /* SettingViewController.swift */; };
		4EE86FA52BF7224C00B65C59 /* ExampleViewController.swift in Sources */ = {isa = PBXBuildFile; fileRef = 4EE86FA42BF7224C00B65C59 /* ExampleViewController.swift */; };
/* End PBXBuildFile section */

/* Begin PBXFileReference section */
		4E07DFF22BF58AD9003498A1 /* SeSAC2.app */ = {isa = PBXFileReference; explicitFileType = wrapper.application; includeInIndex = 0; path = SeSAC2.app; sourceTree = BUILT_PRODUCTS_DIR; };
		4E07DFF52BF58AD9003498A1 /* AppDelegate.swift */ = {isa = PBXFileReference; lastKnownFileType = sourcecode.swift; path = AppDelegate.swift; sourceTree = "<group>"; };
		4E07DFF72BF58AD9003498A1 /* SceneDelegate.swift */ = {isa = PBXFileReference; lastKnownFileType = sourcecode.swift; path = SceneDelegate.swift; sourceTree = "<group>"; };
		4E07DFF92BF58AD9003498A1 /* ViewController.swift */ = {isa = PBXFileReference; lastKnownFileType = sourcecode.swift; path = ViewController.swift; sourceTree = "<group>"; };
		4E07DFFC2BF58AD9003498A1 /* Base */ = {isa = PBXFileReference; lastKnownFileType = file.storyboard; name = Base; path = Base.lproj/Main.storyboard; sourceTree = "<group>"; };
		4E07DFFE2BF58ADB003498A1 /* Assets.xcassets */ = {isa = PBXFileReference; lastKnownFileType = folder.assetcatalog; path = Assets.xcassets; sourceTree = "<group>"; };
		4E07E0012BF58ADB003498A1 /* Base */ = {isa = PBXFileReference; lastKnownFileType = file.storyboard; name = Base; path = Base.lproj/LaunchScreen.storyboard; sourceTree = "<group>"; };
		4E07E0032BF58ADB003498A1 /* Info.plist */ = {isa = PBXFileReference; lastKnownFileType = text.plist.xml; path = Info.plist; sourceTree = "<group>"; };
		4E4DB1542BF5A07F00C0E852 /* MovieViewController.swift */ = {isa = PBXFileReference; lastKnownFileType = sourcecode.swift; path = MovieViewController.swift; sourceTree = "<group>"; };
		4E4DB1562BF5A1F800C0E852 /* SearchViewController.swift */ = {isa = PBXFileReference; lastKnownFileType = sourcecode.swift; path = SearchViewController.swift; sourceTree = "<group>"; };
		4E4DB1582BF5A2CA00C0E852 /* ProfileViewController.swift */ = {isa = PBXFileReference; lastKnownFileType = sourcecode.swift; path = ProfileViewController.swift; sourceTree = "<group>"; };
		4E4DB15A2BF5A54500C0E852 /* SettingViewController.swift */ = {isa = PBXFileReference; lastKnownFileType = sourcecode.swift; path = SettingViewController.swift; sourceTree = "<group>"; };
		4EE86FA42BF7224C00B65C59 /* ExampleViewController.swift */ = {isa = PBXFileReference; lastKnownFileType = sourcecode.swift; path = ExampleViewController.swift; sourceTree = "<group>"; };
/* End PBXFileReference section */

/* Begin PBXFrameworksBuildPhase section */
		4E07DFEF2BF58AD9003498A1 /* Frameworks */ = {
			isa = PBXFrameworksBuildPhase;
			buildActionMask = 2147483647;
			files = (
			);
			runOnlyForDeploymentPostprocessing = 0;
		};
/* End PBXFrameworksBuildPhase section */

/* Begin PBXGroup section */
		4E07DFE92BF58AD9003498A1 = {
			isa = PBXGroup;
			children = (
				4E07DFF42BF58AD9003498A1 /* SeSAC2 */,
				4E07DFF32BF58AD9003498A1 /* Products */,
			);
			sourceTree = "<group>";
		};
		4E07DFF32BF58AD9003498A1 /* Products */ = {
			isa = PBXGroup;
			children = (
				4E07DFF22BF58AD9003498A1 /* SeSAC2.app */,
			);
			name = Products;
			sourceTree = "<group>";
		};
		4E07DFF42BF58AD9003498A1 /* SeSAC2 */ = {
			isa = PBXGroup;
			children = (
				4E4DB1532BF5A03A00C0E852 /* Movie */,
				4E07DFF52BF58AD9003498A1 /* AppDelegate.swift */,
				4E07DFF72BF58AD9003498A1 /* SceneDelegate.swift */,
				4E07DFF92BF58AD9003498A1 /* ViewController.swift */,
				4E07DFFB2BF58AD9003498A1 /* Main.storyboard */,
				4E07DFFE2BF58ADB003498A1 /* Assets.xcassets */,
				4E07E0002BF58ADB003498A1 /* LaunchScreen.storyboard */,
				4E07E0032BF58ADB003498A1 /* Info.plist */,
			);
			path = SeSAC2;
			sourceTree = "<group>";
		};
		4E4DB1532BF5A03A00C0E852 /* Movie */ = {
			isa = PBXGroup;
			children = (
				4E4DB1542BF5A07F00C0E852 /* MovieViewController.swift */,
				4E4DB1562BF5A1F800C0E852 /* SearchViewController.swift */,
				4E4DB1582BF5A2CA00C0E852 /* ProfileViewController.swift */,
				4EE86FA42BF7224C00B65C59 /* ExampleViewController.swift */,
				4E4DB15A2BF5A54500C0E852 /* SettingViewController.swift */,
			);
			path = Movie;
			sourceTree = "<group>";
		};
/* End PBXGroup section */

/* Begin PBXNativeTarget section */
		4E07DFF12BF58AD9003498A1 /* SeSAC2 */ = {
			isa = PBXNativeTarget;
			buildConfigurationList = 4E07E0062BF58ADB003498A1 /* Build configuration list for PBXNativeTarget "SeSAC2" */;
			buildPhases = (
				4E07DFEE2BF58AD9003498A1 /* Sources */,
				4E07DFEF2BF58AD9003498A1 /* Frameworks */,
				4E07DFF02BF58AD9003498A1 /* Resources */,
			);
			buildRules = (
			);
			dependencies = (
			);
			name = SeSAC2;
			productName = SeSAC2;
			productReference = 4E07DFF22BF58AD9003498A1 /* SeSAC2.app */;
			productType = "com.apple.product-type.application";
		};
/* End PBXNativeTarget section */

/* Begin PBXProject section */
		4E07DFEA2BF58AD9003498A1 /* Project object */ = {
			isa = PBXProject;
			attributes = {
				BuildIndependentTargetsInParallel = 1;
				LastSwiftUpdateCheck = 1530;
				LastUpgradeCheck = 1530;
				TargetAttributes = {
					4E07DFF12BF58AD9003498A1 = {
						CreatedOnToolsVersion = 15.3;
					};
				};
			};
			buildConfigurationList = 4E07DFED2BF58AD9003498A1 /* Build configuration list for PBXProject "SeSAC2" */;
			compatibilityVersion = "Xcode 14.0";
			developmentRegion = en;
			hasScannedForEncodings = 0;
			knownRegions = (
				en,
				Base,
			);
			mainGroup = 4E07DFE92BF58AD9003498A1;
			productRefGroup = 4E07DFF32BF58AD9003498A1 /* Products */;
			projectDirPath = "";
			projectRoot = "";
			targets = (
				4E07DFF12BF58AD9003498A1 /* SeSAC2 */,
			);
		};
/* End PBXProject section */

/* Begin PBXResourcesBuildPhase section */
		4E07DFF02BF58AD9003498A1 /* Resources */ = {
			isa = PBXResourcesBuildPhase;
			buildActionMask = 2147483647;
			files = (
				4E07DFFF2BF58ADB003498A1 /* Assets.xcassets in Resources */,
				4E07E0022BF58ADB003498A1 /* Base in Resources */,
				4E07DFFD2BF58AD9003498A1 /* Base in Resources */,
			);
			runOnlyForDeploymentPostprocessing = 0;
		};
/* End PBXResourcesBuildPhase section */

/* Begin PBXSourcesBuildPhase section */
		4E07DFEE2BF58AD9003498A1 /* Sources */ = {
			isa = PBXSourcesBuildPhase;
			buildActionMask = 2147483647;
			files = (
				4E4DB1592BF5A2CA00C0E852 /* ProfileViewController.swift in Sources */,
				4EE86FA52BF7224C00B65C59 /* ExampleViewController.swift in Sources */,
				4E4DB1572BF5A1F800C0E852 /* SearchViewController.swift in Sources */,
				4E07DFFA2BF58AD9003498A1 /* ViewController.swift in Sources */,
				4E07DFF62BF58AD9003498A1 /* AppDelegate.swift in Sources */,
				4E4DB1552BF5A07F00C0E852 /* MovieViewController.swift in Sources */,
				4E4DB15B2BF5A54500C0E852 /* SettingViewController.swift in Sources */,
				4E07DFF82BF58AD9003498A1 /* SceneDelegate.swift in Sources */,
			);
			runOnlyForDeploymentPostprocessing = 0;
		};
/* End PBXSourcesBuildPhase section */

/* Begin PBXVariantGroup section */
		4E07DFFB2BF58AD9003498A1 /* Main.storyboard */ = {
			isa = PBXVariantGroup;
			children = (
				4E07DFFC2BF58AD9003498A1 /* Base */,
			);
			name = Main.storyboard;
			sourceTree = "<group>";
		};
		4E07E0002BF58ADB003498A1 /* LaunchScreen.storyboard */ = {
			isa = PBXVariantGroup;
			children = (
				4E07E0012BF58ADB003498A1 /* Base */,
			);
			name = LaunchScreen.storyboard;
			sourceTree = "<group>";
		};
/* End PBXVariantGroup section */

/* Begin XCBuildConfiguration section */
		4E07E0042BF58ADB003498A1 /* Debug */ = {
			isa = XCBuildConfiguration;
			buildSettings = {
				ALWAYS_SEARCH_USER_PATHS = NO;
				ASSETCATALOG_COMPILER_GENERATE_SWIFT_ASSET_SYMBOL_EXTENSIONS = YES;
				CLANG_ANALYZER_NONNULL = YES;
				CLANG_ANALYZER_NUMBER_OBJECT_CONVERSION = YES_AGGRESSIVE;
				CLANG_CXX_LANGUAGE_STANDARD = "gnu++20";
				CLANG_ENABLE_MODULES = YES;
				CLANG_ENABLE_OBJC_ARC = YES;
				CLANG_ENABLE_OBJC_WEAK = YES;
				CLANG_WARN_BLOCK_CAPTURE_AUTORELEASING = YES;
				CLANG_WARN_BOOL_CONVERSION = YES;
				CLANG_WARN_COMMA = YES;
				CLANG_WARN_CONSTANT_CONVERSION = YES;
				CLANG_WARN_DEPRECATED_OBJC_IMPLEMENTATIONS = YES;
				CLANG_WARN_DIRECT_OBJC_ISA_USAGE = YES_ERROR;
				CLANG_WARN_DOCUMENTATION_COMMENTS = YES;
				CLANG_WARN_EMPTY_BODY = YES;
				CLANG_WARN_ENUM_CONVERSION = YES;
				CLANG_WARN_INFINITE_RECURSION = YES;
				CLANG_WARN_INT_CONVERSION = YES;
				CLANG_WARN_NON_LITERAL_NULL_CONVERSION = YES;
				CLANG_WARN_OBJC_IMPLICIT_RETAIN_SELF = YES;
				CLANG_WARN_OBJC_LITERAL_CONVERSION = YES;
				CLANG_WARN_OBJC_ROOT_CLASS = YES_ERROR;
				CLANG_WARN_QUOTED_INCLUDE_IN_FRAMEWORK_HEADER = YES;
				CLANG_WARN_RANGE_LOOP_ANALYSIS = YES;
				CLANG_WARN_STRICT_PROTOTYPES = YES;
				CLANG_WARN_SUSPICIOUS_MOVE = YES;
				CLANG_WARN_UNGUARDED_AVAILABILITY = YES_AGGRESSIVE;
				CLANG_WARN_UNREACHABLE_CODE = YES;
				CLANG_WARN__DUPLICATE_METHOD_MATCH = YES;
				COPY_PHASE_STRIP = NO;
				DEBUG_INFORMATION_FORMAT = dwarf;
				ENABLE_STRICT_OBJC_MSGSEND = YES;
				ENABLE_TESTABILITY = YES;
				ENABLE_USER_SCRIPT_SANDBOXING = YES;
				GCC_C_LANGUAGE_STANDARD = gnu17;
				GCC_DYNAMIC_NO_PIC = NO;
				GCC_NO_COMMON_BLOCKS = YES;
				GCC_OPTIMIZATION_LEVEL = 0;
				GCC_PREPROCESSOR_DEFINITIONS = (
					"DEBUG=1",
					"$(inherited)",
				);
				GCC_WARN_64_TO_32_BIT_CONVERSION = YES;
				GCC_WARN_ABOUT_RETURN_TYPE = YES_ERROR;
				GCC_WARN_UNDECLARED_SELECTOR = YES;
				GCC_WARN_UNINITIALIZED_AUTOS = YES_AGGRESSIVE;
				GCC_WARN_UNUSED_FUNCTION = YES;
				GCC_WARN_UNUSED_VARIABLE = YES;
				IPHONEOS_DEPLOYMENT_TARGET = 17.4;
				LOCALIZATION_PREFERS_STRING_CATALOGS = YES;
				MTL_ENABLE_DEBUG_INFO = INCLUDE_SOURCE;
				MTL_FAST_MATH = YES;
				ONLY_ACTIVE_ARCH = YES;
				SDKROOT = iphoneos;
				SWIFT_ACTIVE_COMPILATION_CONDITIONS = "DEBUG $(inherited)";
				SWIFT_OPTIMIZATION_LEVEL = "-Onone";
			};
			name = Debug;
		};
		4E07E0052BF58ADB003498A1 /* Release */ = {
			isa = XCBuildConfiguration;
			buildSettings = {
				ALWAYS_SEARCH_USER_PATHS = NO;
				ASSETCATALOG_COMPILER_GENERATE_SWIFT_ASSET_SYMBOL_EXTENSIONS = YES;
				CLANG_ANALYZER_NONNULL = YES;
				CLANG_ANALYZER_NUMBER_OBJECT_CONVERSION = YES_AGGRESSIVE;
				CLANG_CXX_LANGUAGE_STANDARD = "gnu++20";
				CLANG_ENABLE_MODULES = YES;
				CLANG_ENABLE_OBJC_ARC = YES;
				CLANG_ENABLE_OBJC_WEAK = YES;
				CLANG_WARN_BLOCK_CAPTURE_AUTORELEASING = YES;
				CLANG_WARN_BOOL_CONVERSION = YES;
				CLANG_WARN_COMMA = YES;
				CLANG_WARN_CONSTANT_CONVERSION = YES;
				CLANG_WARN_DEPRECATED_OBJC_IMPLEMENTATIONS = YES;
				CLANG_WARN_DIRECT_OBJC_ISA_USAGE = YES_ERROR;
				CLANG_WARN_DOCUMENTATION_COMMENTS = YES;
				CLANG_WARN_EMPTY_BODY = YES;
				CLANG_WARN_ENUM_CONVERSION = YES;
				CLANG_WARN_INFINITE_RECURSION = YES;
				CLANG_WARN_INT_CONVERSION = YES;
				CLANG_WARN_NON_LITERAL_NULL_CONVERSION = YES;
				CLANG_WARN_OBJC_IMPLICIT_RETAIN_SELF = YES;
				CLANG_WARN_OBJC_LITERAL_CONVERSION = YES;
				CLANG_WARN_OBJC_ROOT_CLASS = YES_ERROR;
				CLANG_WARN_QUOTED_INCLUDE_IN_FRAMEWORK_HEADER = YES;
				CLANG_WARN_RANGE_LOOP_ANALYSIS = YES;
				CLANG_WARN_STRICT_PROTOTYPES = YES;
				CLANG_WARN_SUSPICIOUS_MOVE = YES;
				CLANG_WARN_UNGUARDED_AVAILABILITY = YES_AGGRESSIVE;
				CLANG_WARN_UNREACHABLE_CODE = YES;
				CLANG_WARN__DUPLICATE_METHOD_MATCH = YES;
				COPY_PHASE_STRIP = NO;
				DEBUG_INFORMATION_FORMAT = "dwarf-with-dsym";
				ENABLE_NS_ASSERTIONS = NO;
				ENABLE_STRICT_OBJC_MSGSEND = YES;
				ENABLE_USER_SCRIPT_SANDBOXING = YES;
				GCC_C_LANGUAGE_STANDARD = gnu17;
				GCC_NO_COMMON_BLOCKS = YES;
				GCC_WARN_64_TO_32_BIT_CONVERSION = YES;
				GCC_WARN_ABOUT_RETURN_TYPE = YES_ERROR;
				GCC_WARN_UNDECLARED_SELECTOR = YES;
				GCC_WARN_UNINITIALIZED_AUTOS = YES_AGGRESSIVE;
				GCC_WARN_UNUSED_FUNCTION = YES;
				GCC_WARN_UNUSED_VARIABLE = YES;
				IPHONEOS_DEPLOYMENT_TARGET = 17.4;
				LOCALIZATION_PREFERS_STRING_CATALOGS = YES;
				MTL_ENABLE_DEBUG_INFO = NO;
				MTL_FAST_MATH = YES;
				SDKROOT = iphoneos;
				SWIFT_COMPILATION_MODE = wholemodule;
				VALIDATE_PRODUCT = YES;
			};
			name = Release;
		};
		4E07E0072BF58ADB003498A1 /* Debug */ = {
			isa = XCBuildConfiguration;
			buildSettings = {
				ASSETCATALOG_COMPILER_APPICON_NAME = AppIcon;
				ASSETCATALOG_COMPILER_GLOBAL_ACCENT_COLOR_NAME = AccentColor;
				CODE_SIGN_STYLE = Automatic;
				CURRENT_PROJECT_VERSION = 1;
				DEVELOPMENT_TEAM = B44YL23J9X;
				GENERATE_INFOPLIST_FILE = YES;
				INFOPLIST_FILE = SeSAC2/Info.plist;
				INFOPLIST_KEY_UIApplicationSupportsIndirectInputEvents = YES;
				INFOPLIST_KEY_UILaunchStoryboardName = LaunchScreen;
				INFOPLIST_KEY_UIMainStoryboardFile = Main;
				INFOPLIST_KEY_UISupportedInterfaceOrientations = UIInterfaceOrientationPortrait;
				INFOPLIST_KEY_UISupportedInterfaceOrientations_iPad = "UIInterfaceOrientationLandscapeLeft UIInterfaceOrientationLandscapeRight UIInterfaceOrientationPortrait UIInterfaceOrientationPortraitUpsideDown";
				IPHONEOS_DEPLOYMENT_TARGET = 16.0;
				LD_RUNPATH_SEARCH_PATHS = (
					"$(inherited)",
					"@executable_path/Frameworks",
				);
				MARKETING_VERSION = 1.0;
				PRODUCT_BUNDLE_IDENTIFIER = com.seosieve.SeSAC2;
				PRODUCT_NAME = "$(TARGET_NAME)";
				SUPPORTED_PLATFORMS = "iphoneos iphonesimulator";
				SUPPORTS_MACCATALYST = NO;
				SUPPORTS_MAC_DESIGNED_FOR_IPHONE_IPAD = NO;
				SUPPORTS_XR_DESIGNED_FOR_IPHONE_IPAD = NO;
				SWIFT_EMIT_LOC_STRINGS = YES;
				SWIFT_VERSION = 5.0;
				TARGETED_DEVICE_FAMILY = 1;
			};
			name = Debug;
		};
		4E07E0082BF58ADB003498A1 /* Release */ = {
			isa = XCBuildConfiguration;
			buildSettings = {
				ASSETCATALOG_COMPILER_APPICON_NAME = AppIcon;
				ASSETCATALOG_COMPILER_GLOBAL_ACCENT_COLOR_NAME = AccentColor;
				CODE_SIGN_STYLE = Automatic;
				CURRENT_PROJECT_VERSION = 1;
				DEVELOPMENT_TEAM = B44YL23J9X;
				GENERATE_INFOPLIST_FILE = YES;
				INFOPLIST_FILE = SeSAC2/Info.plist;
				INFOPLIST_KEY_UIApplicationSupportsIndirectInputEvents = YES;
				INFOPLIST_KEY_UILaunchStoryboardName = LaunchScreen;
				INFOPLIST_KEY_UIMainStoryboardFile = Main;
				INFOPLIST_KEY_UISupportedInterfaceOrientations = UIInterfaceOrientationPortrait;
				INFOPLIST_KEY_UISupportedInterfaceOrientations_iPad = "UIInterfaceOrientationLandscapeLeft UIInterfaceOrientationLandscapeRight UIInterfaceOrientationPortrait UIInterfaceOrientationPortraitUpsideDown";
				IPHONEOS_DEPLOYMENT_TARGET = 16.0;
				LD_RUNPATH_SEARCH_PATHS = (
					"$(inherited)",
					"@executable_path/Frameworks",
				);
				MARKETING_VERSION = 1.0;
				PRODUCT_BUNDLE_IDENTIFIER = com.seosieve.SeSAC2;
				PRODUCT_NAME = "$(TARGET_NAME)";
				SUPPORTED_PLATFORMS = "iphoneos iphonesimulator";
				SUPPORTS_MACCATALYST = NO;
				SUPPORTS_MAC_DESIGNED_FOR_IPHONE_IPAD = NO;
				SUPPORTS_XR_DESIGNED_FOR_IPHONE_IPAD = NO;
				SWIFT_EMIT_LOC_STRINGS = YES;
				SWIFT_VERSION = 5.0;
				TARGETED_DEVICE_FAMILY = 1;
			};
			name = Release;
		};
/* End XCBuildConfiguration section */

/* Begin XCConfigurationList section */
		4E07DFED2BF58AD9003498A1 /* Build configuration list for PBXProject "SeSAC2" */ = {
			isa = XCConfigurationList;
			buildConfigurations = (
				4E07E0042BF58ADB003498A1 /* Debug */,
				4E07E0052BF58ADB003498A1 /* Release */,
			);
			defaultConfigurationIsVisible = 0;
			defaultConfigurationName = Release;
		};
		4E07E0062BF58ADB003498A1 /* Build configuration list for PBXNativeTarget "SeSAC2" */ = {
			isa = XCConfigurationList;
			buildConfigurations = (
				4E07E0072BF58ADB003498A1 /* Debug */,
				4E07E0082BF58ADB003498A1 /* Release */,
			);
			defaultConfigurationIsVisible = 0;
			defaultConfigurationName = Release;
		};
/* End XCConfigurationList section */
	};
	rootObject = 4E07DFEA2BF58AD9003498A1 /* Project object */;
}
